
Microsoft Visual Studio Solution File, Format Version 12.00
Project("{2150E333-8FDC-42A3-9474-1A3956D46DE8}") = "FrontEnd", "FrontEnd", "{B26B375C-DD32-4D9A-9300-D3990EB41530}"
EndProject
Project("{2150E333-8FDC-42A3-9474-1A3956D46DE8}") = "Services", "Services", "{A516ECA9-8BC1-44B1-AB2A-C57A4FA2657D}"
EndProject
Project("{FAE04EC0-301F-11D3-BF4B-00C04F79EFBC}") = "GeekShopping.Web", "GeekShopping.Web\GeekShopping.Web.csproj", "{DA740F8A-86BB-485D-8908-762F4035232C}"
EndProject
Project("{FAE04EC0-301F-11D3-BF4B-00C04F79EFBC}") = "GeekShopping.ProductAPI", "GeekShopping.ProductAPI\GeekShopping.ProductAPI.csproj", "{3F0EA482-91A2-4405-B1B9-0DD483F7FCED}"
EndProject
Project("{FAE04EC0-301F-11D3-BF4B-00C04F79EFBC}") = "GeekShooping.IdentityServer", "GeekShooping.IdentityServer\GeekShooping.IdentityServer.csproj", "{8605C5E7-BCCA-4D90-9B9A-E74474904E61}"
EndProject
Project("{FAE04EC0-301F-11D3-BF4B-00C04F79EFBC}") = "GeekShopping.CartAPI", "GeekShopping.CartAPI\GeekShopping.CartAPI.csproj", "{235B57C3-0819-4D27-9785-986769412E49}"
EndProject
Project("{FAE04EC0-301F-11D3-BF4B-00C04F79EFBC}") = "GeekShopping.CouponAPI", "GeekShopping.CouponAPI\GeekShopping.CouponAPI.csproj", "{A08BA473-6D49-4FB7-A4FC-232D3A245145}"
EndProject
Project("{2150E333-8FDC-42A3-9474-1A3956D46DE8}") = "Integration", "Integration", "{AA49BE77-D502-4274-BE65-7A2A3B62F7D4}"
EndProject
Project("{FAE04EC0-301F-11D3-BF4B-00C04F79EFBC}") = "GeekShooping.MessageBus", "GeekShooping.MessageBus\GeekShooping.MessageBus.csproj", "{449212D6-5D82-4D49-9662-5FA496E3769C}"
EndProject
Project("{FAE04EC0-301F-11D3-BF4B-00C04F79EFBC}") = "GeekShopping.OrderAPI", "GeekShopping.OrderAPI\GeekShopping.OrderAPI.csproj", "{325F6C8F-C1C0-4B83-B776-9EDACF59E172}"
EndProject
Project("{2150E333-8FDC-42A3-9474-1A3956D46DE8}") = "Payments", "Payments", "{63B8915C-B6AD-4D0D-82F5-D6170EB3F0B9}"
EndProject
Project("{FAE04EC0-301F-11D3-BF4B-00C04F79EFBC}") = "GeekShopping.PaymentProcessor", "GeekShopping.PaymentProcessor\GeekShopping.PaymentProcessor.csproj", "{313EC114-F1EC-420A-8070-9423860B66DA}"
EndProject
Project("{FAE04EC0-301F-11D3-BF4B-00C04F79EFBC}") = "GeekShopping.PaymentAPI", "GeekShopping.PaymentAPI\GeekShopping.PaymentAPI.csproj", "{9E0A92D1-BA91-4EEB-943D-62DAC806E121}"
EndProject
Project("{FAE04EC0-301F-11D3-BF4B-00C04F79EFBC}") = "GeekShopping.Email", "GeekShopping.Email\GeekShopping.Email.csproj", "{AA94710E-A2CB-4CB4-92A1-494AF128F59E}"
EndProject
Project("{2150E333-8FDC-42A3-9474-1A3956D46DE8}") = "Gateway", "Gateway", "{8D65FF2E-B706-496C-93B6-98BB5E3C9C5C}"
EndProject
Project("{FAE04EC0-301F-11D3-BF4B-00C04F79EFBC}") = "GeekShopping.APIGateway", "GeekShopping.APIGateway\GeekShopping.APIGateway.csproj", "{90924047-7CF2-4EC8-B27B-5222B5602BD6}"
EndProject
Global
	GlobalSection(SolutionConfigurationPlatforms) = preSolution
		Debug|Any CPU = Debug|Any CPU
		Release|Any CPU = Release|Any CPU
	EndGlobalSection
	GlobalSection(NestedProjects) = preSolution
		{DA740F8A-86BB-485D-8908-762F4035232C} = {B26B375C-DD32-4D9A-9300-D3990EB41530}
		{3F0EA482-91A2-4405-B1B9-0DD483F7FCED} = {A516ECA9-8BC1-44B1-AB2A-C57A4FA2657D}
		{8605C5E7-BCCA-4D90-9B9A-E74474904E61} = {A516ECA9-8BC1-44B1-AB2A-C57A4FA2657D}
		{235B57C3-0819-4D27-9785-986769412E49} = {A516ECA9-8BC1-44B1-AB2A-C57A4FA2657D}
		{A08BA473-6D49-4FB7-A4FC-232D3A245145} = {A516ECA9-8BC1-44B1-AB2A-C57A4FA2657D}
		{449212D6-5D82-4D49-9662-5FA496E3769C} = {AA49BE77-D502-4274-BE65-7A2A3B62F7D4}
		{325F6C8F-C1C0-4B83-B776-9EDACF59E172} = {A516ECA9-8BC1-44B1-AB2A-C57A4FA2657D}
		{313EC114-F1EC-420A-8070-9423860B66DA} = {63B8915C-B6AD-4D0D-82F5-D6170EB3F0B9}
		{9E0A92D1-BA91-4EEB-943D-62DAC806E121} = {A516ECA9-8BC1-44B1-AB2A-C57A4FA2657D}
		{AA94710E-A2CB-4CB4-92A1-494AF128F59E} = {A516ECA9-8BC1-44B1-AB2A-C57A4FA2657D}
		{90924047-7CF2-4EC8-B27B-5222B5602BD6} = {8D65FF2E-B706-496C-93B6-98BB5E3C9C5C}
	EndGlobalSection
	GlobalSection(ProjectConfigurationPlatforms) = postSolution
		{DA740F8A-86BB-485D-8908-762F4035232C}.Debug|Any CPU.ActiveCfg = Debug|Any CPU
		{DA740F8A-86BB-485D-8908-762F4035232C}.Debug|Any CPU.Build.0 = Debug|Any CPU
		{DA740F8A-86BB-485D-8908-762F4035232C}.Release|Any CPU.ActiveCfg = Release|Any CPU
		{DA740F8A-86BB-485D-8908-762F4035232C}.Release|Any CPU.Build.0 = Release|Any CPU
		{3F0EA482-91A2-4405-B1B9-0DD483F7FCED}.Debug|Any CPU.ActiveCfg = Debug|Any CPU
		{3F0EA482-91A2-4405-B1B9-0DD483F7FCED}.Debug|Any CPU.Build.0 = Debug|Any CPU
		{3F0EA482-91A2-4405-B1B9-0DD483F7FCED}.Release|Any CPU.ActiveCfg = Release|Any CPU
		{3F0EA482-91A2-4405-B1B9-0DD483F7FCED}.Release|Any CPU.Build.0 = Release|Any CPU
		{8605C5E7-BCCA-4D90-9B9A-E74474904E61}.Debug|Any CPU.ActiveCfg = Debug|Any CPU
		{8605C5E7-BCCA-4D90-9B9A-E74474904E61}.Debug|Any CPU.Build.0 = Debug|Any CPU
		{8605C5E7-BCCA-4D90-9B9A-E74474904E61}.Release|Any CPU.ActiveCfg = Release|Any CPU
		{8605C5E7-BCCA-4D90-9B9A-E74474904E61}.Release|Any CPU.Build.0 = Release|Any CPU
		{235B57C3-0819-4D27-9785-986769412E49}.Debug|Any CPU.ActiveCfg = Debug|Any CPU
		{235B57C3-0819-4D27-9785-986769412E49}.Debug|Any CPU.Build.0 = Debug|Any CPU
		{235B57C3-0819-4D27-9785-986769412E49}.Release|Any CPU.ActiveCfg = Release|Any CPU
		{235B57C3-0819-4D27-9785-986769412E49}.Release|Any CPU.Build.0 = Release|Any CPU
		{A08BA473-6D49-4FB7-A4FC-232D3A245145}.Debug|Any CPU.ActiveCfg = Debug|Any CPU
		{A08BA473-6D49-4FB7-A4FC-232D3A245145}.Debug|Any CPU.Build.0 = Debug|Any CPU
		{A08BA473-6D49-4FB7-A4FC-232D3A245145}.Release|Any CPU.ActiveCfg = Release|Any CPU
		{A08BA473-6D49-4FB7-A4FC-232D3A245145}.Release|Any CPU.Build.0 = Release|Any CPU
		{449212D6-5D82-4D49-9662-5FA496E3769C}.Debug|Any CPU.ActiveCfg = Debug|Any CPU
		{449212D6-5D82-4D49-9662-5FA496E3769C}.Debug|Any CPU.Build.0 = Debug|Any CPU
		{449212D6-5D82-4D49-9662-5FA496E3769C}.Release|Any CPU.ActiveCfg = Release|Any CPU
		{449212D6-5D82-4D49-9662-5FA496E3769C}.Release|Any CPU.Build.0 = Release|Any CPU
		{325F6C8F-C1C0-4B83-B776-9EDACF59E172}.Debug|Any CPU.ActiveCfg = Debug|Any CPU
		{325F6C8F-C1C0-4B83-B776-9EDACF59E172}.Debug|Any CPU.Build.0 = Debug|Any CPU
		{325F6C8F-C1C0-4B83-B776-9EDACF59E172}.Release|Any CPU.ActiveCfg = Release|Any CPU
		{325F6C8F-C1C0-4B83-B776-9EDACF59E172}.Release|Any CPU.Build.0 = Release|Any CPU
		{313EC114-F1EC-420A-8070-9423860B66DA}.Debug|Any CPU.ActiveCfg = Debug|Any CPU
		{313EC114-F1EC-420A-8070-9423860B66DA}.Debug|Any CPU.Build.0 = Debug|Any CPU
		{313EC114-F1EC-420A-8070-9423860B66DA}.Release|Any CPU.ActiveCfg = Release|Any CPU
		{313EC114-F1EC-420A-8070-9423860B66DA}.Release|Any CPU.Build.0 = Release|Any CPU
		{9E0A92D1-BA91-4EEB-943D-62DAC806E121}.Debug|Any CPU.ActiveCfg = Debug|Any CPU
		{9E0A92D1-BA91-4EEB-943D-62DAC806E121}.Debug|Any CPU.Build.0 = Debug|Any CPU
		{9E0A92D1-BA91-4EEB-943D-62DAC806E121}.Release|Any CPU.ActiveCfg = Release|Any CPU
		{9E0A92D1-BA91-4EEB-943D-62DAC806E121}.Release|Any CPU.Build.0 = Release|Any CPU
		{AA94710E-A2CB-4CB4-92A1-494AF128F59E}.Debug|Any CPU.ActiveCfg = Debug|Any CPU
		{AA94710E-A2CB-4CB4-92A1-494AF128F59E}.Debug|Any CPU.Build.0 = Debug|Any CPU
		{AA94710E-A2CB-4CB4-92A1-494AF128F59E}.Release|Any CPU.ActiveCfg = Release|Any CPU
		{AA94710E-A2CB-4CB4-92A1-494AF128F59E}.Release|Any CPU.Build.0 = Release|Any CPU
		{90924047-7CF2-4EC8-B27B-5222B5602BD6}.Debug|Any CPU.ActiveCfg = Debug|Any CPU
		{90924047-7CF2-4EC8-B27B-5222B5602BD6}.Debug|Any CPU.Build.0 = Debug|Any CPU
		{90924047-7CF2-4EC8-B27B-5222B5602BD6}.Release|Any CPU.ActiveCfg = Release|Any CPU
		{90924047-7CF2-4EC8-B27B-5222B5602BD6}.Release|Any CPU.Build.0 = Release|Any CPU
	EndGlobalSection
EndGlobal
